
Microsoft Visual Studio Solution File, Format Version 12.00
# Visual Studio 15
VisualStudioVersion = 15.0.27703.2035
MinimumVisualStudioVersion = 10.0.40219.1
Project("{FAE04EC0-301F-11D3-BF4B-00C04F79EFBC}") = "CustomerDueDiligence", "CustomerDueDiligence\CustomerDueDiligence.csproj", "{9A48FFE9-41EF-454E-A7CB-CED298DFDDA8}"
EndProject
Global
	GlobalSection(SolutionConfigurationPlatforms) = preSolution
		Debug|Any CPU = Debug|Any CPU
		Release|Any CPU = Release|Any CPU
	EndGlobalSection
	GlobalSection(ProjectConfigurationPlatforms) = postSolution
		{9A48FFE9-41EF-454E-A7CB-CED298DFDDA8}.Debug|Any CPU.ActiveCfg = Debug|Any CPU
		{9A48FFE9-41EF-454E-A7CB-CED298DFDDA8}.Debug|Any CPU.Build.0 = Debug|Any CPU
		{9A48FFE9-41EF-454E-A7CB-CED298DFDDA8}.Release|Any CPU.ActiveCfg = Release|Any CPU
		{9A48FFE9-41EF-454E-A7CB-CED298DFDDA8}.Release|Any CPU.Build.0 = Release|Any CPU
	EndGlobalSection
	GlobalSection(SolutionProperties) = preSolution
		HideSolutionNode = FALSE
	EndGlobalSection
	GlobalSection(ExtensibilityGlobals) = postSolution
		SolutionGuid = {E45AB116-CE4C-442B-AF74-8438A2B8FD1A}
	EndGlobalSection
EndGlobal
